
Microsoft Visual Studio Solution File, Format Version 12.00
# Visual Studio Version 16
VisualStudioVersion = 16.0.30320.27
MinimumVisualStudioVersion = 10.0.40219.1
Project("{FAE04EC0-301F-11D3-BF4B-00C04F79EFBC}") = "IDE-Proyecto", "IDE-Proyecto.csproj", "{1CFC24B1-6957-42DD-83A0-E8D064907BA6}"
EndProject
Global
	GlobalSection(SolutionConfigurationPlatforms) = preSolution
		Debug|Any CPU = Debug|Any CPU
		Release|Any CPU = Release|Any CPU
	EndGlobalSection
	GlobalSection(ProjectConfigurationPlatforms) = postSolution
		{1CFC24B1-6957-42DD-83A0-E8D064907BA6}.Debug|Any CPU.ActiveCfg = Debug|Any CPU
		{1CFC24B1-6957-42DD-83A0-E8D064907BA6}.Debug|Any CPU.Build.0 = Debug|Any CPU
		{1CFC24B1-6957-42DD-83A0-E8D064907BA6}.Release|Any CPU.ActiveCfg = Release|Any CPU
		{1CFC24B1-6957-42DD-83A0-E8D064907BA6}.Release|Any CPU.Build.0 = Release|Any CPU
	EndGlobalSection
	GlobalSection(SolutionProperties) = preSolution
		HideSolutionNode = FALSE
	EndGlobalSection
	GlobalSection(ExtensibilityGlobals) = postSolution
		SolutionGuid = {D7F94E10-FEB5-4D19-956D-556929CA5E84}
	EndGlobalSection
EndGlobal
